
Microsoft Visual Studio Solution File, Format Version 12.00
# Visual Studio Version 16
VisualStudioVersion = 16.0.31313.79
MinimumVisualStudioVersion = 10.0.40219.1
Project("{FAE04EC0-301F-11D3-BF4B-00C04F79EFBC}") = "AirplaneSeating", "AirplaneSeating.csproj", "{6048A3A5-FF56-4F38-8088-59511446963C}"
EndProject
Global
	GlobalSection(SolutionConfigurationPlatforms) = preSolution
		Debug|Any CPU = Debug|Any CPU
		Release|Any CPU = Release|Any CPU
	EndGlobalSection
	GlobalSection(ProjectConfigurationPlatforms) = postSolution
		{6048A3A5-FF56-4F38-8088-59511446963C}.Debug|Any CPU.ActiveCfg = Debug|Any CPU
		{6048A3A5-FF56-4F38-8088-59511446963C}.Debug|Any CPU.Build.0 = Debug|Any CPU
		{6048A3A5-FF56-4F38-8088-59511446963C}.Release|Any CPU.ActiveCfg = Release|Any CPU
		{6048A3A5-FF56-4F38-8088-59511446963C}.Release|Any CPU.Build.0 = Release|Any CPU
	EndGlobalSection
	GlobalSection(SolutionProperties) = preSolution
		HideSolutionNode = FALSE
	EndGlobalSection
	GlobalSection(ExtensibilityGlobals) = postSolution
		SolutionGuid = {078468EA-5468-4468-BE16-45000595D58F}
	EndGlobalSection
EndGlobal
